
Microsoft Visual Studio Solution File, Format Version 12.00
# Visual Studio Version 17
VisualStudioVersion = 17.13.35825.156
MinimumVisualStudioVersion = 10.0.40219.1
Project("{FAE04EC0-301F-11D3-BF4B-00C04F79EFBC}") = "Asana.CLI", "Asana.CLI\Asana.CLI.csproj", "{BF1F9FDF-925F-401D-8C5E-58B2C44A0465}"
EndProject
Project("{FAE04EC0-301F-11D3-BF4B-00C04F79EFBC}") = "Asana.Library", "Asana.Library\Asana.Library.csproj", "{FBCEBD76-091B-4190-8274-D18FFB1987C9}"
EndProject
Project("{FAE04EC0-301F-11D3-BF4B-00C04F79EFBC}") = "Asana.Maui", "Asana.Maui\Asana.Maui.csproj", "{4764BC7E-9B08-405C-8402-1ABA0442A333}"
EndProject
Global
	GlobalSection(SolutionConfigurationPlatforms) = preSolution
		Debug|Any CPU = Debug|Any CPU
		Release|Any CPU = Release|Any CPU
	EndGlobalSection
	GlobalSection(ProjectConfigurationPlatforms) = postSolution
		{BF1F9FDF-925F-401D-8C5E-58B2C44A0465}.Debug|Any CPU.ActiveCfg = Debug|Any CPU
		{BF1F9FDF-925F-401D-8C5E-58B2C44A0465}.Debug|Any CPU.Build.0 = Debug|Any CPU
		{BF1F9FDF-925F-401D-8C5E-58B2C44A0465}.Release|Any CPU.ActiveCfg = Release|Any CPU
		{BF1F9FDF-925F-401D-8C5E-58B2C44A0465}.Release|Any CPU.Build.0 = Release|Any CPU
		{FBCEBD76-091B-4190-8274-D18FFB1987C9}.Debug|Any CPU.ActiveCfg = Debug|Any CPU
		{FBCEBD76-091B-4190-8274-D18FFB1987C9}.Debug|Any CPU.Build.0 = Debug|Any CPU
		{FBCEBD76-091B-4190-8274-D18FFB1987C9}.Release|Any CPU.ActiveCfg = Release|Any CPU
		{FBCEBD76-091B-4190-8274-D18FFB1987C9}.Release|Any CPU.Build.0 = Release|Any CPU
		{4764BC7E-9B08-405C-8402-1ABA0442A333}.Debug|Any CPU.ActiveCfg = Debug|Any CPU
		{4764BC7E-9B08-405C-8402-1ABA0442A333}.Debug|Any CPU.Build.0 = Debug|Any CPU
		{4764BC7E-9B08-405C-8402-1ABA0442A333}.Release|Any CPU.ActiveCfg = Release|Any CPU
		{4764BC7E-9B08-405C-8402-1ABA0442A333}.Release|Any CPU.Build.0 = Release|Any CPU
	EndGlobalSection
	GlobalSection(SolutionProperties) = preSolution
		HideSolutionNode = FALSE
	EndGlobalSection
	GlobalSection(ExtensibilityGlobals) = postSolution
		SolutionGuid = {756D835E-865C-4D48-A7E8-1CC15EBFA9E3}
	EndGlobalSection
EndGlobal
